
Microsoft Visual Studio Solution File, Format Version 12.00
# Visual Studio 15
VisualStudioVersion = 15.0.28307.489
MinimumVisualStudioVersion = 10.0.40219.1
Project("{FAE04EC0-301F-11D3-BF4B-00C04F79EFBC}") = "adosqlite", "adosqlite\adosqlite.csproj", "{71B48CC3-E805-48D5-8701-4F0A2CEE7A0A}"
EndProject
Project("{FAE04EC0-301F-11D3-BF4B-00C04F79EFBC}") = "adosqlite2", "adosqlite2\adosqlite2.csproj", "{3BD0F380-B602-4E60-8273-B6B7A7DFB440}"
EndProject
Global
	GlobalSection(SolutionConfigurationPlatforms) = preSolution
		Debug|Any CPU = Debug|Any CPU
		Release|Any CPU = Release|Any CPU
	EndGlobalSection
	GlobalSection(ProjectConfigurationPlatforms) = postSolution
		{71B48CC3-E805-48D5-8701-4F0A2CEE7A0A}.Debug|Any CPU.ActiveCfg = Debug|Any CPU
		{71B48CC3-E805-48D5-8701-4F0A2CEE7A0A}.Debug|Any CPU.Build.0 = Debug|Any CPU
		{71B48CC3-E805-48D5-8701-4F0A2CEE7A0A}.Release|Any CPU.ActiveCfg = Release|Any CPU
		{71B48CC3-E805-48D5-8701-4F0A2CEE7A0A}.Release|Any CPU.Build.0 = Release|Any CPU
		{3BD0F380-B602-4E60-8273-B6B7A7DFB440}.Debug|Any CPU.ActiveCfg = Debug|Any CPU
		{3BD0F380-B602-4E60-8273-B6B7A7DFB440}.Debug|Any CPU.Build.0 = Debug|Any CPU
		{3BD0F380-B602-4E60-8273-B6B7A7DFB440}.Release|Any CPU.ActiveCfg = Release|Any CPU
		{3BD0F380-B602-4E60-8273-B6B7A7DFB440}.Release|Any CPU.Build.0 = Release|Any CPU
	EndGlobalSection
	GlobalSection(SolutionProperties) = preSolution
		HideSolutionNode = FALSE
	EndGlobalSection
	GlobalSection(ExtensibilityGlobals) = postSolution
		SolutionGuid = {15202D50-1D9A-46FF-A385-CF4D8042FB5A}
	EndGlobalSection
EndGlobal
